
Microsoft Visual Studio Solution File, Format Version 12.00
# Visual Studio Version 17
VisualStudioVersion = 17.8.34601.278
MinimumVisualStudioVersion = 10.0.40219.1
Project("{FAE04EC0-301F-11D3-BF4B-00C04F79EFBC}") = "VsLocalizedIntellisense", "VsLocalizedIntellisense\VsLocalizedIntellisense.csproj", "{82641E71-1A40-4018-9A00-BE5F4119FBBB}"
EndProject
Project("{FAE04EC0-301F-11D3-BF4B-00C04F79EFBC}") = "VsLocalizedIntellisense.Test", "VsLocalizedIntellisense.Test\VsLocalizedIntellisense.Test.csproj", "{EBC3E3C9-F79F-4311-A959-7C9855830040}"
EndProject
Global
	GlobalSection(SolutionConfigurationPlatforms) = preSolution
		Debug|Any CPU = Debug|Any CPU
		Release|Any CPU = Release|Any CPU
	EndGlobalSection
	GlobalSection(ProjectConfigurationPlatforms) = postSolution
		{82641E71-1A40-4018-9A00-BE5F4119FBBB}.Debug|Any CPU.ActiveCfg = Debug|Any CPU
		{82641E71-1A40-4018-9A00-BE5F4119FBBB}.Debug|Any CPU.Build.0 = Debug|Any CPU
		{82641E71-1A40-4018-9A00-BE5F4119FBBB}.Release|Any CPU.ActiveCfg = Release|Any CPU
		{82641E71-1A40-4018-9A00-BE5F4119FBBB}.Release|Any CPU.Build.0 = Release|Any CPU
		{EBC3E3C9-F79F-4311-A959-7C9855830040}.Debug|Any CPU.ActiveCfg = Debug|Any CPU
		{EBC3E3C9-F79F-4311-A959-7C9855830040}.Debug|Any CPU.Build.0 = Debug|Any CPU
		{EBC3E3C9-F79F-4311-A959-7C9855830040}.Release|Any CPU.ActiveCfg = Release|Any CPU
		{EBC3E3C9-F79F-4311-A959-7C9855830040}.Release|Any CPU.Build.0 = Release|Any CPU
	EndGlobalSection
	GlobalSection(SolutionProperties) = preSolution
		HideSolutionNode = FALSE
	EndGlobalSection
	GlobalSection(ExtensibilityGlobals) = postSolution
		SolutionGuid = {3831D212-6746-4011-A68C-9EF4CFDDF2DE}
	EndGlobalSection
EndGlobal
